// !$*UTF8*$!
{
	archiveVersion = 1;
	classes = {
	};
	objectVersion = 50;
	objects = {

/* Begin PBXBuildFile section */
		342120D922016D330024C594 /* AppDelegate.swift in Sources */ = {isa = PBXBuildFile; fileRef = 342120D822016D330024C594 /* AppDelegate.swift */; };
		342120DB22016D330024C594 /* ViewController.swift in Sources */ = {isa = PBXBuildFile; fileRef = 342120DA22016D330024C594 /* ViewController.swift */; };
		342120DE22016D330024C594 /* Main.storyboard in Resources */ = {isa = PBXBuildFile; fileRef = 342120DC22016D330024C594 /* Main.storyboard */; };
		342120E022016D360024C594 /* Assets.xcassets in Resources */ = {isa = PBXBuildFile; fileRef = 342120DF22016D360024C594 /* Assets.xcassets */; };
		342120E322016D360024C594 /* LaunchScreen.storyboard in Resources */ = {isa = PBXBuildFile; fileRef = 342120E122016D360024C594 /* LaunchScreen.storyboard */; };
		342120EE22016D360024C594 /* tumblrTests.swift in Sources */ = {isa = PBXBuildFile; fileRef = 342120ED22016D360024C594 /* tumblrTests.swift */; };
		342120F922016D360024C594 /* tumblrUITests.swift in Sources */ = {isa = PBXBuildFile; fileRef = 342120F822016D360024C594 /* tumblrUITests.swift */; };
/* End PBXBuildFile section */

/* Begin PBXContainerItemProxy section */
		342120EA22016D360024C594 /* PBXContainerItemProxy */ = {
			isa = PBXContainerItemProxy;
			containerPortal = 342120CD22016D330024C594 /* Project object */;
			proxyType = 1;
			remoteGlobalIDString = 342120D422016D330024C594;
			remoteInfo = tumblr;
		};
		342120F522016D360024C594 /* PBXContainerItemProxy */ = {
			isa = PBXContainerItemProxy;
			containerPortal = 342120CD22016D330024C594 /* Project object */;
			proxyType = 1;
			remoteGlobalIDString = 342120D422016D330024C594;
			remoteInfo = tumblr;
		};
/* End PBXContainerItemProxy section */

/* Begin PBXFileReference section */
		342120D522016D330024C594 /* tumblr.app */ = {isa = PBXFileReference; explicitFileType = wrapper.application; includeInIndex = 0; path = tumblr.app; sourceTree = BUILT_PRODUCTS_DIR; };
		342120D822016D330024C594 /* AppDelegate.swift */ = {isa = PBXFileReference; lastKnownFileType = sourcecode.swift; path = AppDelegate.swift; sourceTree = "<group>"; };
		342120DA22016D330024C594 /* ViewController.swift */ = {isa = PBXFileReference; lastKnownFileType = sourcecode.swift; path = ViewController.swift; sourceTree = "<group>"; };
		342120DD22016D330024C594 /* Base */ = {isa = PBXFileReference; lastKnownFileType = file.storyboard; name = Base; path = Base.lproj/Main.storyboard; sourceTree = "<group>"; };
		342120DF22016D360024C594 /* Assets.xcassets */ = {isa = PBXFileReference; lastKnownFileType = folder.assetcatalog; path = Assets.xcassets; sourceTree = "<group>"; };
		342120E222016D360024C594 /* Base */ = {isa = PBXFileReference; lastKnownFileType = file.storyboard; name = Base; path = Base.lproj/LaunchScreen.storyboard; sourceTree = "<group>"; };
		342120E422016D360024C594 /* Info.plist */ = {isa = PBXFileReference; lastKnownFileType = text.plist.xml; path = Info.plist; sourceTree = "<group>"; };
		342120E922016D360024C594 /* tumblrTests.xctest */ = {isa = PBXFileReference; explicitFileType = wrapper.cfbundle; includeInIndex = 0; path = tumblrTests.xctest; sourceTree = BUILT_PRODUCTS_DIR; };
		342120ED22016D360024C594 /* tumblrTests.swift */ = {isa = PBXFileReference; lastKnownFileType = sourcecode.swift; path = tumblrTests.swift; sourceTree = "<group>"; };
		342120EF22016D360024C594 /* Info.plist */ = {isa = PBXFileReference; lastKnownFileType = text.plist.xml; path = Info.plist; sourceTree = "<group>"; };
		342120F422016D360024C594 /* tumblrUITests.xctest */ = {isa = PBXFileReference; explicitFileType = wrapper.cfbundle; includeInIndex = 0; path = tumblrUITests.xctest; sourceTree = BUILT_PRODUCTS_DIR; };
		342120F822016D360024C594 /* tumblrUITests.swift */ = {isa = PBXFileReference; lastKnownFileType = sourcecode.swift; path = tumblrUITests.swift; sourceTree = "<group>"; };
		342120FA22016D360024C594 /* Info.plist */ = {isa = PBXFileReference; lastKnownFileType = text.plist.xml; path = Info.plist; sourceTree = "<group>"; };
/* End PBXFileReference section */

/* Begin PBXFrameworksBuildPhase section */
		342120D222016D330024C594 /* Frameworks */ = {
			isa = PBXFrameworksBuildPhase;
			buildActionMask = 2147483647;
			files = (
			);
			runOnlyForDeploymentPostprocessing = 0;
		};
		342120E622016D360024C594 /* Frameworks */ = {
			isa = PBXFrameworksBuildPhase;
			buildActionMask = 2147483647;
			files = (
			);
			runOnlyForDeploymentPostprocessing = 0;
		};
		342120F122016D360024C594 /* Frameworks */ = {
			isa = PBXFrameworksBuildPhase;
			buildActionMask = 2147483647;
			files = (
			);
			runOnlyForDeploymentPostprocessing = 0;
		};
/* End PBXFrameworksBuildPhase section */

/* Begin PBXGroup section */
		342120CC22016D330024C594 = {
			isa = PBXGroup;
			children = (
				342120D722016D330024C594 /* tumblr */,
				342120EC22016D360024C594 /* tumblrTests */,
				342120F722016D360024C594 /* tumblrUITests */,
				342120D622016D330024C594 /* Products */,
			);
			sourceTree = "<group>";
		};
		342120D622016D330024C594 /* Products */ = {
			isa = PBXGroup;
			children = (
				342120D522016D330024C594 /* tumblr.app */,
				342120E922016D360024C594 /* tumblrTests.xctest */,
				342120F422016D360024C594 /* tumblrUITests.xctest */,
			);
			name = Products;
			sourceTree = "<group>";
		};
		342120D722016D330024C594 /* tumblr */ = {
			isa = PBXGroup;
			children = (
				342120D822016D330024C594 /* AppDelegate.swift */,
				342120DA22016D330024C594 /* ViewController.swift */,
				342120DC22016D330024C594 /* Main.storyboard */,
				342120DF22016D360024C594 /* Assets.xcassets */,
				342120E122016D360024C594 /* LaunchScreen.storyboard */,
				342120E422016D360024C594 /* Info.plist */,
			);
			path = tumblr;
			sourceTree = "<group>";
		};
		342120EC22016D360024C594 /* tumblrTests */ = {
			isa = PBXGroup;
			children = (
				342120ED22016D360024C594 /* tumblrTests.swift */,
				342120EF22016D360024C594 /* Info.plist */,
			);
			path = tumblrTests;
			sourceTree = "<group>";
		};
		342120F722016D360024C594 /* tumblrUITests */ = {
			isa = PBXGroup;
			children = (
				342120F822016D360024C594 /* tumblrUITests.swift */,
				342120FA22016D360024C594 /* Info.plist */,
			);
			path = tumblrUITests;
			sourceTree = "<group>";
		};
/* End PBXGroup section */

/* Begin PBXNativeTarget section */
		342120D422016D330024C594 /* tumblr */ = {
			isa = PBXNativeTarget;
			buildConfigurationList = 342120FD22016D360024C594 /* Build configuration list for PBXNativeTarget "tumblr" */;
			buildPhases = (
				342120D122016D330024C594 /* Sources */,
				342120D222016D330024C594 /* Frameworks */,
				342120D322016D330024C594 /* Resources */,
			);
			buildRules = (
			);
			dependencies = (
			);
			name = tumblr;
			productName = tumblr;
			productReference = 342120D522016D330024C594 /* tumblr.app */;
			productType = "com.apple.product-type.application";
		};
		342120E822016D360024C594 /* tumblrTests */ = {
			isa = PBXNativeTarget;
			buildConfigurationList = 3421210022016D360024C594 /* Build configuration list for PBXNativeTarget "tumblrTests" */;
			buildPhases = (
				342120E522016D360024C594 /* Sources */,
				342120E622016D360024C594 /* Frameworks */,
				342120E722016D360024C594 /* Resources */,
			);
			buildRules = (
			);
			dependencies = (
				342120EB22016D360024C594 /* PBXTargetDependency */,
			);
			name = tumblrTests;
			productName = tumblrTests;
			productReference = 342120E922016D360024C594 /* tumblrTests.xctest */;
			productType = "com.apple.product-type.bundle.unit-test";
		};
		342120F322016D360024C594 /* tumblrUITests */ = {
			isa = PBXNativeTarget;
			buildConfigurationList = 3421210322016D360024C594 /* Build configuration list for PBXNativeTarget "tumblrUITests" */;
			buildPhases = (
				342120F022016D360024C594 /* Sources */,
				342120F122016D360024C594 /* Frameworks */,
				342120F222016D360024C594 /* Resources */,
			);
			buildRules = (
			);
			dependencies = (
				342120F622016D360024C594 /* PBXTargetDependency */,
			);
			name = tumblrUITests;
			productName = tumblrUITests;
			productReference = 342120F422016D360024C594 /* tumblrUITests.xctest */;
			productType = "com.apple.product-type.bundle.ui-testing";
		};
/* End PBXNativeTarget section */

/* Begin PBXProject section */
		342120CD22016D330024C594 /* Project object */ = {
			isa = PBXProject;
			attributes = {
				LastSwiftUpdateCheck = 1010;
				LastUpgradeCheck = 1010;
				ORGANIZATIONNAME = "Kevin Zhang";
				TargetAttributes = {
					342120D422016D330024C594 = {
						CreatedOnToolsVersion = 10.1;
					};
					342120E822016D360024C594 = {
						CreatedOnToolsVersion = 10.1;
						TestTargetID = 342120D422016D330024C594;
					};
					342120F322016D360024C594 = {
						CreatedOnToolsVersion = 10.1;
						TestTargetID = 342120D422016D330024C594;
					};
				};
			};
			buildConfigurationList = 342120D022016D330024C594 /* Build configuration list for PBXProject "tumblr" */;
			compatibilityVersion = "Xcode 9.3";
			developmentRegion = en;
			hasScannedForEncodings = 0;
			knownRegions = (
				en,
				Base,
			);
			mainGroup = 342120CC22016D330024C594;
			productRefGroup = 342120D622016D330024C594 /* Products */;
			projectDirPath = "";
			projectRoot = "";
			targets = (
				342120D422016D330024C594 /* tumblr */,
				342120E822016D360024C594 /* tumblrTests */,
				342120F322016D360024C594 /* tumblrUITests */,
			);
		};
/* End PBXProject section */

/* Begin PBXResourcesBuildPhase section */
		342120D322016D330024C594 /* Resources */ = {
			isa = PBXResourcesBuildPhase;
			buildActionMask = 2147483647;
			files = (
				342120E322016D360024C594 /* LaunchScreen.storyboard in Resources */,
				342120E022016D360024C594 /* Assets.xcassets in Resources */,
				342120DE22016D330024C594 /* Main.storyboard in Resources */,
			);
			runOnlyForDeploymentPostprocessing = 0;
		};
		342120E722016D360024C594 /* Resources */ = {
			isa = PBXResourcesBuildPhase;
			buildActionMask = 2147483647;
			files = (
			);
			runOnlyForDeploymentPostprocessing = 0;
		};
		342120F222016D360024C594 /* Resources */ = {
			isa = PBXResourcesBuildPhase;
			buildActionMask = 2147483647;
			files = (
			);
			runOnlyForDeploymentPostprocessing = 0;
		};
/* End PBXResourcesBuildPhase section */

/* Begin PBXSourcesBuildPhase section */
		342120D122016D330024C594 /* Sources */ = {
			isa = PBXSourcesBuildPhase;
			buildActionMask = 2147483647;
			files = (
				342120DB22016D330024C594 /* ViewController.swift in Sources */,
				342120D922016D330024C594 /* AppDelegate.swift in Sources */,
			);
			runOnlyForDeploymentPostprocessing = 0;
		};
		342120E522016D360024C594 /* Sources */ = {
			isa = PBXSourcesBuildPhase;
			buildActionMask = 2147483647;
			files = (
				342120EE22016D360024C594 /* tumblrTests.swift in Sources */,
			);
			runOnlyForDeploymentPostprocessing = 0;
		};
		342120F022016D360024C594 /* Sources */ = {
			isa = PBXSourcesBuildPhase;
			buildActionMask = 2147483647;
			files = (
				342120F922016D360024C594 /* tumblrUITests.swift in Sources */,
			);
			runOnlyForDeploymentPostprocessing = 0;
		};
/* End PBXSourcesBuildPhase section */

/* Begin PBXTargetDependency section */
		342120EB22016D360024C594 /* PBXTargetDependency */ = {
			isa = PBXTargetDependency;
			target = 342120D422016D330024C594 /* tumblr */;
			targetProxy = 342120EA22016D360024C594 /* PBXContainerItemProxy */;
		};
		342120F622016D360024C594 /* PBXTargetDependency */ = {
			isa = PBXTargetDependency;
			target = 342120D422016D330024C594 /* tumblr */;
			targetProxy = 342120F522016D360024C594 /* PBXContainerItemProxy */;
		};
/* End PBXTargetDependency section */

/* Begin PBXVariantGroup section */
		342120DC22016D330024C594 /* Main.storyboard */ = {
			isa = PBXVariantGroup;
			children = (
				342120DD22016D330024C594 /* Base */,
			);
			name = Main.storyboard;
			sourceTree = "<group>";
		};
		342120E122016D360024C594 /* LaunchScreen.storyboard */ = {
			isa = PBXVariantGroup;
			children = (
				342120E222016D360024C594 /* Base */,
			);
			name = LaunchScreen.storyboard;
			sourceTree = "<group>";
		};
/* End PBXVariantGroup section */

/* Begin XCBuildConfiguration section */
		342120FB22016D360024C594 /* Debug */ = {
			isa = XCBuildConfiguration;
			buildSettings = {
				ALWAYS_SEARCH_USER_PATHS = NO;
				CLANG_ANALYZER_NONNULL = YES;
				CLANG_ANALYZER_NUMBER_OBJECT_CONVERSION = YES_AGGRESSIVE;
				CLANG_CXX_LANGUAGE_STANDARD = "gnu++14";
				CLANG_CXX_LIBRARY = "libc++";
				CLANG_ENABLE_MODULES = YES;
				CLANG_ENABLE_OBJC_ARC = YES;
				CLANG_ENABLE_OBJC_WEAK = YES;
				CLANG_WARN_BLOCK_CAPTURE_AUTORELEASING = YES;
				CLANG_WARN_BOOL_CONVERSION = YES;
				CLANG_WARN_COMMA = YES;
				CLANG_WARN_CONSTANT_CONVERSION = YES;
				CLANG_WARN_DEPRECATED_OBJC_IMPLEMENTATIONS = YES;
				CLANG_WARN_DIRECT_OBJC_ISA_USAGE = YES_ERROR;
				CLANG_WARN_DOCUMENTATION_COMMENTS = YES;
				CLANG_WARN_EMPTY_BODY = YES;
				CLANG_WARN_ENUM_CONVERSION = YES;
				CLANG_WARN_INFINITE_RECURSION = YES;
				CLANG_WARN_INT_CONVERSION = YES;
				CLANG_WARN_NON_LITERAL_NULL_CONVERSION = YES;
				CLANG_WARN_OBJC_IMPLICIT_RETAIN_SELF = YES;
				CLANG_WARN_OBJC_LITERAL_CONVERSION = YES;
				CLANG_WARN_OBJC_ROOT_CLASS = YES_ERROR;
				CLANG_WARN_RANGE_LOOP_ANALYSIS = YES;
				CLANG_WARN_STRICT_PROTOTYPES = YES;
				CLANG_WARN_SUSPICIOUS_MOVE = YES;
				CLANG_WARN_UNGUARDED_AVAILABILITY = YES_AGGRESSIVE;
				CLANG_WARN_UNREACHABLE_CODE = YES;
				CLANG_WARN__DUPLICATE_METHOD_MATCH = YES;
				CODE_SIGN_IDENTITY = "iPhone Developer";
				COPY_PHASE_STRIP = NO;
				DEBUG_INFORMATION_FORMAT = dwarf;
				ENABLE_STRICT_OBJC_MSGSEND = YES;
				ENABLE_TESTABILITY = YES;
				GCC_C_LANGUAGE_STANDARD = gnu11;
				GCC_DYNAMIC_NO_PIC = NO;
				GCC_NO_COMMON_BLOCKS = YES;
				GCC_OPTIMIZATION_LEVEL = 0;
				GCC_PREPROCESSOR_DEFINITIONS = (
					"DEBUG=1",
					"$(inherited)",
				);
				GCC_WARN_64_TO_32_BIT_CONVERSION = YES;
				GCC_WARN_ABOUT_RETURN_TYPE = YES_ERROR;
				GCC_WARN_UNDECLARED_SELECTOR = YES;
				GCC_WARN_UNINITIALIZED_AUTOS = YES_AGGRESSIVE;
				GCC_WARN_UNUSED_FUNCTION = YES;
				GCC_WARN_UNUSED_VARIABLE = YES;
				IPHONEOS_DEPLOYMENT_TARGET = 12.1;
				MTL_ENABLE_DEBUG_INFO = INCLUDE_SOURCE;
				MTL_FAST_MATH = YES;
				ONLY_ACTIVE_ARCH = YES;
				SDKROOT = iphoneos;
				SWIFT_ACTIVE_COMPILATION_CONDITIONS = DEBUG;
				SWIFT_OPTIMIZATION_LEVEL = "-Onone";
			};
			name = Debug;
		};
		342120FC22016D360024C594 /* Release */ = {
			isa = XCBuildConfiguration;
			buildSettings = {
				ALWAYS_SEARCH_USER_PATHS = NO;
				CLANG_ANALYZER_NONNULL = YES;
				CLANG_ANALYZER_NUMBER_OBJECT_CONVERSION = YES_AGGRESSIVE;
				CLANG_CXX_LANGUAGE_STANDARD = "gnu++14";
				CLANG_CXX_LIBRARY = "libc++";
				CLANG_ENABLE_MODULES = YES;
				CLANG_ENABLE_OBJC_ARC = YES;
				CLANG_ENABLE_OBJC_WEAK = YES;
				CLANG_WARN_BLOCK_CAPTURE_AUTORELEASING = YES;
				CLANG_WARN_BOOL_CONVERSION = YES;
				CLANG_WARN_COMMA = YES;
				CLANG_WARN_CONSTANT_CONVERSION = YES;
				CLANG_WARN_DEPRECATED_OBJC_IMPLEMENTATIONS = YES;
				CLANG_WARN_DIRECT_OBJC_ISA_USAGE = YES_ERROR;
				CLANG_WARN_DOCUMENTATION_COMMENTS = YES;
				CLANG_WARN_EMPTY_BODY = YES;
				CLANG_WARN_ENUM_CONVERSION = YES;
				CLANG_WARN_INFINITE_RECURSION = YES;
				CLANG_WARN_INT_CONVERSION = YES;
				CLANG_WARN_NON_LITERAL_NULL_CONVERSION = YES;
				CLANG_WARN_OBJC_IMPLICIT_RETAIN_SELF = YES;
				CLANG_WARN_OBJC_LITERAL_CONVERSION = YES;
				CLANG_WARN_OBJC_ROOT_CLASS = YES_ERROR;
				CLANG_WARN_RANGE_LOOP_ANALYSIS = YES;
				CLANG_WARN_STRICT_PROTOTYPES = YES;
				CLANG_WARN_SUSPICIOUS_MOVE = YES;
				CLANG_WARN_UNGUARDED_AVAILABILITY = YES_AGGRESSIVE;
				CLANG_WARN_UNREACHABLE_CODE = YES;
				CLANG_WARN__DUPLICATE_METHOD_MATCH = YES;
				CODE_SIGN_IDENTITY = "iPhone Developer";
				COPY_PHASE_STRIP = NO;
				DEBUG_INFORMATION_FORMAT = "dwarf-with-dsym";
				ENABLE_NS_ASSERTIONS = NO;
				ENABLE_STRICT_OBJC_MSGSEND = YES;
				GCC_C_LANGUAGE_STANDARD = gnu11;
				GCC_NO_COMMON_BLOCKS = YES;
				GCC_WARN_64_TO_32_BIT_CONVERSION = YES;
				GCC_WARN_ABOUT_RETURN_TYPE = YES_ERROR;
				GCC_WARN_UNDECLARED_SELECTOR = YES;
				GCC_WARN_UNINITIALIZED_AUTOS = YES_AGGRESSIVE;
				GCC_WARN_UNUSED_FUNCTION = YES;
				GCC_WARN_UNUSED_VARIABLE = YES;
				IPHONEOS_DEPLOYMENT_TARGET = 12.1;
				MTL_ENABLE_DEBUG_INFO = NO;
				MTL_FAST_MATH = YES;
				SDKROOT = iphoneos;
				SWIFT_COMPILATION_MODE = wholemodule;
				SWIFT_OPTIMIZATION_LEVEL = "-O";
				VALIDATE_PRODUCT = YES;
			};
			name = Release;
		};
		342120FE22016D360024C594 /* Debug */ = {
			isa = XCBuildConfiguration;
			buildSettings = {
				ASSETCATALOG_COMPILER_APPICON_NAME = AppIcon;
				CODE_SIGN_STYLE = Automatic;
				INFOPLIST_FILE = tumblr/Info.plist;
				LD_RUNPATH_SEARCH_PATHS = (
					"$(inherited)",
					"@executable_path/Frameworks",
				);
				PRODUCT_BUNDLE_IDENTIFIER = codepath.tumblr;
				PRODUCT_NAME = "$(TARGET_NAME)";
				SWIFT_VERSION = 4.2;
				TARGETED_DEVICE_FAMILY = "1,2";
			};
			name = Debug;
		};
		342120FF22016D360024C594 /* Release */ = {
			isa = XCBuildConfiguration;
			buildSettings = {
				ASSETCATALOG_COMPILER_APPICON_NAME = AppIcon;
				CODE_SIGN_STYLE = Automatic;
				INFOPLIST_FILE = tumblr/Info.plist;
				LD_RUNPATH_SEARCH_PATHS = (
					"$(inherited)",
					"@executable_path/Frameworks",
				);
				PRODUCT_BUNDLE_IDENTIFIER = codepath.tumblr;
				PRODUCT_NAME = "$(TARGET_NAME)";
				SWIFT_VERSION = 4.2;
				TARGETED_DEVICE_FAMILY = "1,2";
			};
			name = Release;
		};
		3421210122016D360024C594 /* Debug */ = {
			isa = XCBuildConfiguration;
			buildSettings = {
				ALWAYS_EMBED_SWIFT_STANDARD_LIBRARIES = YES;
				BUNDLE_LOADER = "$(TEST_HOST)";
				CODE_SIGN_STYLE = Automatic;
				INFOPLIST_FILE = tumblrTests/Info.plist;
				LD_RUNPATH_SEARCH_PATHS = (
					"$(inherited)",
					"@executable_path/Frameworks",
					"@loader_path/Frameworks",
				);
				PRODUCT_BUNDLE_IDENTIFIER = codepath.tumblrTests;
				PRODUCT_NAME = "$(TARGET_NAME)";
				SWIFT_VERSION = 4.2;
				TARGETED_DEVICE_FAMILY = "1,2";
				TEST_HOST = "$(BUILT_PRODUCTS_DIR)/tumblr.app/tumblr";
			};
			name = Debug;
		};
		3421210222016D360024C594 /* Release */ = {
			isa = XCBuildConfiguration;
			buildSettings = {
				ALWAYS_EMBED_SWIFT_STANDARD_LIBRARIES = YES;
				BUNDLE_LOADER = "$(TEST_HOST)";
				CODE_SIGN_STYLE = Automatic;
				INFOPLIST_FILE = tumblrTests/Info.plist;
				LD_RUNPATH_SEARCH_PATHS = (
					"$(inherited)",
					"@executable_path/Frameworks",
					"@loader_path/Frameworks",
				);
				PRODUCT_BUNDLE_IDENTIFIER = codepath.tumblrTests;
				PRODUCT_NAME = "$(TARGET_NAME)";
				SWIFT_VERSION = 4.2;
				TARGETED_DEVICE_FAMILY = "1,2";
				TEST_HOST = "$(BUILT_PRODUCTS_DIR)/tumblr.app/tumblr";
			};
			name = Release;
		};
		3421210422016D360024C594 /* Debug */ = {
			isa = XCBuildConfiguration;
			buildSettings = {
				ALWAYS_EMBED_SWIFT_STANDARD_LIBRARIES = YES;
				CODE_SIGN_STYLE = Automatic;
				INFOPLIST_FILE = tumblrUITests/Info.plist;
				LD_RUNPATH_SEARCH_PATHS = (
					"$(inherited)",
					"@executable_path/Frameworks",
					"@loader_path/Frameworks",
				);
				PRODUCT_BUNDLE_IDENTIFIER = codepath.tumblrUITests;
				PRODUCT_NAME = "$(TARGET_NAME)";
				SWIFT_VERSION = 4.2;
				TARGETED_DEVICE_FAMILY = "1,2";
				TEST_TARGET_NAME = tumblr;
			};
			name = Debug;
		};
		3421210522016D360024C594 /* Release */ = {
			isa = XCBuildConfiguration;
			buildSettings = {
				ALWAYS_EMBED_SWIFT_STANDARD_LIBRARIES = YES;
				CODE_SIGN_STYLE = Automatic;
				INFOPLIST_FILE = tumblrUITests/Info.plist;
				LD_RUNPATH_SEARCH_PATHS = (
					"$(inherited)",
					"@executable_path/Frameworks",
					"@loader_path/Frameworks",
				);
				PRODUCT_BUNDLE_IDENTIFIER = codepath.tumblrUITests;
				PRODUCT_NAME = "$(TARGET_NAME)";
				SWIFT_VERSION = 4.2;
				TARGETED_DEVICE_FAMILY = "1,2";
				TEST_TARGET_NAME = tumblr;
			};
			name = Release;
		};
/* End XCBuildConfiguration section */

/* Begin XCConfigurationList section */
		342120D022016D330024C594 /* Build configuration list for PBXProject "tumblr" */ = {
			isa = XCConfigurationList;
			buildConfigurations = (
				342120FB22016D360024C594 /* Debug */,
				342120FC22016D360024C594 /* Release */,
			);
			defaultConfigurationIsVisible = 0;
			defaultConfigurationName = Release;
		};
		342120FD22016D360024C594 /* Build configuration list for PBXNativeTarget "tumblr" */ = {
			isa = XCConfigurationList;
			buildConfigurations = (
				342120FE22016D360024C594 /* Debug */,
				342120FF22016D360024C594 /* Release */,
			);
			defaultConfigurationIsVisible = 0;
			defaultConfigurationName = Release;
		};
		3421210022016D360024C594 /* Build configuration list for PBXNativeTarget "tumblrTests" */ = {
			isa = XCConfigurationList;
			buildConfigurations = (
				3421210122016D360024C594 /* Debug */,
				3421210222016D360024C594 /* Release */,
			);
			defaultConfigurationIsVisible = 0;
			defaultConfigurationName = Release;
		};
		3421210322016D360024C594 /* Build configuration list for PBXNativeTarget "tumblrUITests" */ = {
			isa = XCConfigurationList;
			buildConfigurations = (
				3421210422016D360024C594 /* Debug */,
				3421210522016D360024C594 /* Release */,
			);
			defaultConfigurationIsVisible = 0;
			defaultConfigurationName = Release;
		};
/* End XCConfigurationList section */
	};
	rootObject = 342120CD22016D330024C594 /* Project object */;
}
